<Solution>
  <Folder Name="/Chapter-02/">
    <Project Path="Chapter-02/02-Arguments/02-Arguments.csproj" />
    <Project Path="Chapter-02/02-Exercise03/02-Exercise03.csproj" />
    <Project Path="Chapter-02/02-Formatting/02-Formatting.csproj" />
    <Project Path="Chapter-02/02-Numbers/02-Numbers.csproj" />
    <Project Path="Chapter-02/02-Variables/02-Variables.csproj" />
    <Project Path="Chapter-02/02-Vocabulary/02-Vocabulary.csproj" />
  </Folder>
</Solution>
