<Solution>
  <Folder Name="/Chapter-02/">
    <Project Path="Chapter-02/02-Arguments/02-Arguments.csproj" Id="0d75f40f-ebfc-4c6d-9d52-02d5676f01ee" />
    <Project Path="Chapter-02/02-Exercise03/02-Exercise03.csproj" Id="cb2ae9ac-e824-4255-b31c-830c8d1b647b" />
    <Project Path="Chapter-02/02-Formatting/02-Formatting.csproj" Id="1c287d45-2979-41ad-a953-dd2e1228daff" />
    <Project Path="Chapter-02/02-Numbers/02-Numbers.csproj" Id="1021d0f3-882d-490b-9a92-37f214895db7" />
    <Project Path="Chapter-02/02-Variables/02-Variables.csproj" Id="a0f10524-e3dc-4a07-9aca-200f0547c957" />
    <Project Path="Chapter-02/02-Vocabulary/02-Vocabulary.csproj" Id="6f3b712c-f036-4e28-9e1e-9aa3e1c08b99" />
  </Folder>
  <Folder Name="/Chapter-03/">
    <Project Path="Chapter-03/03-BitwiseAndShiftOperators/03-BitwiseAndShiftOperators.csproj" Id="28888380-bbec-40cd-acd8-0a6b440b44b9" />
    <Project Path="Chapter-03/03-BooleanOperators/03-BooleanOperators.csproj" Id="873f0d2f-67e7-403f-934a-ad28dee82209" />
    <Project Path="Chapter-03/03-CastingConverting/03-CastingConverting.csproj" Id="97037f8c-03a4-4e60-a839-15ebde4c0626" />
    <Project Path="Chapter-03/03-CheckingForOverflow/03-CheckingForOverflow.csproj" Id="fcd3a2cb-b8b4-41ba-b00c-97163825330c" />
    <Project Path="Chapter-03/03-HandlingExceptions/03-HandlingExceptions.csproj" Id="f9414c04-25fd-463b-9217-96f42811fb2f" />
    <Project Path="Chapter-03/03-IterationStatements/03-IterationStatements.csproj" Id="040e64c3-4ad6-489b-8181-67d4ec1d7ba9" />
    <Project Path="Chapter-03/03-Operators/03-Operators.csproj" Id="60723154-6be6-4e53-95c6-8bdca9393fd1" />
    <Project Path="Chapter-03/03-SelectionStatements/03-SelectionStatements.csproj" Id="a8f03f2f-74e8-406b-97db-53f27c83b4e1" />
  </Folder>
  <Folder Name="/Chapter-04/">
    <Project Path="Chapter-04/04-CalculatorLib/04-CalculatorLib.csproj" Id="21e6c950-9b80-4e4c-9516-d163b91fb127" />
    <Project Path="Chapter-04/04-CalculatorLibUnitTests/04-CalculatorLibUnitTests.csproj" Id="68298a3d-618b-4dea-9a8a-52ac5b153ad2" />
    <Project Path="Chapter-04/04-CallStackExceptionHandling/04-CallStackExceptionHandling.csproj" Id="47a8bc0c-0708-45e1-a1fd-275976b23a42" />
    <Project Path="Chapter-04/04-CallStackExceptionHandlingLib/04-CallStackExceptionHandlingLib.csproj" Id="6eb2f264-f4b4-4fdc-aef7-ff89f8148326" />
    <Project Path="Chapter-04/04-Debugging/04-Debugging.csproj" Id="e12e71dc-6b4b-4a66-b6ff-e3b7e3100fd3" />
    <Project Path="Chapter-04/04-Instrumenting/04-Instrumenting.csproj" Id="6ce189c6-df0a-47d5-9962-854b85ce4701" />
    <Project Path="Chapter-04/04-PrimeFactors/04-PrimeFactors.csproj" Id="06ebd99c-5110-47fe-b2c2-e56234e38942" />
    <Project Path="Chapter-04/04-PrimeFactorsLib/04-PrimeFactorsLib.csproj" Id="5c8480a3-e88d-411d-bcbc-45e5d3b902ad" />
    <Project Path="Chapter-04/04-PrimeFactorsLibUnitTests/04-PrimeFactorsLibUnitTests.csproj" Id="91384dbc-a2fc-405a-b106-afc3f7c56684" />
    <Project Path="Chapter-04/04-WritingFunctions/04-WritingFunctions.csproj" Id="32e50984-b5ab-4703-bc45-b47127444578" />
  </Folder>
</Solution>
